
Microsoft Visual Studio Solution File, Format Version 12.00
# Visual Studio 15
VisualStudioVersion = 15.0.26403.0
MinimumVisualStudioVersion = 10.0.40219.1
Project("{FAE04EC0-301F-11D3-BF4B-00C04F79EFBC}") = "CreateDeviceIdentity", "CreateDeviceIdentity\CreateDeviceIdentity.csproj", "{61AC3938-B066-4AC9-932D-B968A3775F37}"
EndProject
Project("{FAE04EC0-301F-11D3-BF4B-00C04F79EFBC}") = "ReadDeviceToCloudMessages", "ReadDeviceToCloudMessages\ReadDeviceToCloudMessages.csproj", "{A8C62FA3-A18B-4A97-825C-7D669AAC5EA4}"
EndProject
Project("{FAE04EC0-301F-11D3-BF4B-00C04F79EFBC}") = "SimulatedDevice", "SimulatedDevice\SimulatedDevice.csproj", "{E9BCE68B-410B-4ED9-A9EF-52CE04C8CDBF}"
EndProject
Global
	GlobalSection(SolutionConfigurationPlatforms) = preSolution
		Debug|Any CPU = Debug|Any CPU
		Release|Any CPU = Release|Any CPU
	EndGlobalSection
	GlobalSection(ProjectConfigurationPlatforms) = postSolution
		{61AC3938-B066-4AC9-932D-B968A3775F37}.Debug|Any CPU.ActiveCfg = Debug|Any CPU
		{61AC3938-B066-4AC9-932D-B968A3775F37}.Debug|Any CPU.Build.0 = Debug|Any CPU
		{61AC3938-B066-4AC9-932D-B968A3775F37}.Release|Any CPU.ActiveCfg = Release|Any CPU
		{61AC3938-B066-4AC9-932D-B968A3775F37}.Release|Any CPU.Build.0 = Release|Any CPU
		{A8C62FA3-A18B-4A97-825C-7D669AAC5EA4}.Debug|Any CPU.ActiveCfg = Debug|Any CPU
		{A8C62FA3-A18B-4A97-825C-7D669AAC5EA4}.Debug|Any CPU.Build.0 = Debug|Any CPU
		{A8C62FA3-A18B-4A97-825C-7D669AAC5EA4}.Release|Any CPU.ActiveCfg = Release|Any CPU
		{A8C62FA3-A18B-4A97-825C-7D669AAC5EA4}.Release|Any CPU.Build.0 = Release|Any CPU
		{E9BCE68B-410B-4ED9-A9EF-52CE04C8CDBF}.Debug|Any CPU.ActiveCfg = Debug|Any CPU
		{E9BCE68B-410B-4ED9-A9EF-52CE04C8CDBF}.Debug|Any CPU.Build.0 = Debug|Any CPU
		{E9BCE68B-410B-4ED9-A9EF-52CE04C8CDBF}.Release|Any CPU.ActiveCfg = Release|Any CPU
		{E9BCE68B-410B-4ED9-A9EF-52CE04C8CDBF}.Release|Any CPU.Build.0 = Release|Any CPU
	EndGlobalSection
	GlobalSection(SolutionProperties) = preSolution
		HideSolutionNode = FALSE
	EndGlobalSection
	GlobalSection(ExtensibilityGlobals) = postSolution
		EnterpriseLibraryConfigurationToolBinariesPathV6 = packages\EnterpriseLibrary.TransientFaultHandling.6.0.1304.0\lib\portable-net45+win+wp8
	EndGlobalSection
EndGlobal
